{
  "name": "image_parcer",
  "version": "1.0.0",
  "lockfileVersion": 1,
  "requires": true,
  "dependencies": {
    "bruteforce": {
      "version": "0.0.2",
      "resolved": "https://registry.npmjs.org/bruteforce/-/bruteforce-0.0.2.tgz",
      "integrity": "sha1-OCWllGXtkUj2rH/9z492o8VQ0NQ="
    },
    "download-file": {
      "version": "0.1.5",
      "resolved": "https://registry.npmjs.org/download-file/-/download-file-0.1.5.tgz",
      "integrity": "sha1-ylC6ZNkJSwyHAu+f/5LSGJ4UERc=",
      "requires": {
        "mkdirp": "^0.5.0"
      }
    },
    "fs": {
      "version": "0.0.1-security",
      "resolved": "https://registry.npmjs.org/fs/-/fs-0.0.1-security.tgz",
      "integrity": "sha1-invTcYa23d84E/I4WLV+yq9eQdQ="
    },
    "mkdirp": {
      "version": "0.5.6",
      "resolved": "https://registry.npmjs.org/mkdirp/-/mkdirp-0.5.6.tgz",
      "integrity": "sha512-FP+p8RB8OWpF3YZBCrP5gtADmtXApB5AMLn+vdyA+PyxCjrCs00mjyUozssO33cwDeT3wNGdLxJ5M//YqtHAJw==",
      "requires": {
        "minimist": "^1.2.6"
      },
      "dependencies": {
        "minimist": {
          "version": "1.2.8",
          "resolved": "https://registry.npmjs.org/minimist/-/minimist-1.2.8.tgz",
          "integrity": "sha512-2yyAR8qBkN3YuheJanUpWC5U3bb5osDywNB8RzDVlDwDHbocAJveqqj1u8+SVD7jkWT4yvsHCpWqqWqAxb0zCA=="
        }
      }
    }
  }
}
